
Microsoft Visual Studio Solution File, Format Version 11.00
# Visual Studio 2010
Project("{FAE04EC0-301F-11D3-BF4B-00C04F79EFBC}") = "POIApp", "POIApp\POIApp.csproj", "{981A39EC-B7FA-4714-A169-CA0F4D9700C5}"
EndProject
Project("{FAE04EC0-301F-11D3-BF4B-00C04F79EFBC}") = "POITestApp", "POITestApp\POITestApp.csproj", "{4DB4D68C-734F-43AD-B272-13BD34D2A0F7}"
EndProject
Global
	GlobalSection(SolutionConfigurationPlatforms) = preSolution
		Debug|Any CPU = Debug|Any CPU
		Release|Any CPU = Release|Any CPU
	EndGlobalSection
	GlobalSection(ProjectConfigurationPlatforms) = postSolution
		{4DB4D68C-734F-43AD-B272-13BD34D2A0F7}.Debug|Any CPU.ActiveCfg = Debug|Any CPU
		{4DB4D68C-734F-43AD-B272-13BD34D2A0F7}.Debug|Any CPU.Build.0 = Debug|Any CPU
		{4DB4D68C-734F-43AD-B272-13BD34D2A0F7}.Release|Any CPU.ActiveCfg = Release|Any CPU
		{4DB4D68C-734F-43AD-B272-13BD34D2A0F7}.Release|Any CPU.Build.0 = Release|Any CPU
		{981A39EC-B7FA-4714-A169-CA0F4D9700C5}.Debug|Any CPU.ActiveCfg = Debug|Any CPU
		{981A39EC-B7FA-4714-A169-CA0F4D9700C5}.Debug|Any CPU.Build.0 = Debug|Any CPU
		{981A39EC-B7FA-4714-A169-CA0F4D9700C5}.Release|Any CPU.ActiveCfg = Release|Any CPU
		{981A39EC-B7FA-4714-A169-CA0F4D9700C5}.Release|Any CPU.Build.0 = Release|Any CPU
	EndGlobalSection
	GlobalSection(MonoDevelopProperties) = preSolution
		StartupItem = POITestApp\POITestApp.csproj
	EndGlobalSection
EndGlobal
